PODS:
  - connectivity (0.0.1):
    - Flutter
    - Reachability
  - device_info (0.0.1):
    - Flutter
  - Flutter (1.0.0)
  - geocoder (0.0.1):
    - Flutter
  - "geolocator (5.3.2+2)":
    - Flutter
  - google_maps_flutter (0.0.1):
    - Flutter
    - GoogleMaps (< 3.10)
  - GoogleMaps (3.9.0):
    - GoogleMaps/Maps (= 3.9.0)
  - GoogleMaps/Base (3.9.0)
  - GoogleMaps/Maps (3.9.0):
    - GoogleMaps/Base
  - image_picker (0.0.1):
    - Flutter
  - libphonenumber (0.0.1):
    - Flutter
    - libPhoneNumber-iOS
  - libPhoneNumber-iOS (0.9.15)
  - location (0.0.1):
    - Flutter
  - "location_permissions (3.0.0+1)":
    - Flutter
  - path_provider (0.0.1):
    - Flutter
  - "permission_handler (4.4.0+hotfix.4)":
    - Flutter
  - Reachability (3.2)
  - shared_preferences (0.0.1):
    - Flutter
  - sms_otp_auto_verify (0.0.1):
    - Flutter

DEPENDENCIES:
  - connectivity (from `.symlinks/plugins/connectivity/ios`)
  - device_info (from `.symlinks/plugins/device_info/ios`)
  - Flutter (from `Flutter`)
  - geocoder (from `.symlinks/plugins/geocoder/ios`)
  - geolocator (from `.symlinks/plugins/geolocator/ios`)
  - google_maps_flutter (from `.symlinks/plugins/google_maps_flutter/ios`)
  - image_picker (from `.symlinks/plugins/image_picker/ios`)
  - libphonenumber (from `.symlinks/plugins/libphonenumber/ios`)
  - location (from `.symlinks/plugins/location/ios`)
  - location_permissions (from `.symlinks/plugins/location_permissions/ios`)
  - path_provider (from `.symlinks/plugins/path_provider/ios`)
  - permission_handler (from `.symlinks/plugins/permission_handler/ios`)
  - shared_preferences (from `.symlinks/plugins/shared_preferences/ios`)
  - sms_otp_auto_verify (from `.symlinks/plugins/sms_otp_auto_verify/ios`)

SPEC REPOS:
  trunk:
    - GoogleMaps
    - libPhoneNumber-iOS
    - Reachability

EXTERNAL SOURCES:
  connectivity:
    :path: ".symlinks/plugins/connectivity/ios"
  device_info:
    :path: ".symlinks/plugins/device_info/ios"
  Flutter:
    :path: Flutter
  geocoder:
    :path: ".symlinks/plugins/geocoder/ios"
  geolocator:
    :path: ".symlinks/plugins/geolocator/ios"
  google_maps_flutter:
    :path: ".symlinks/plugins/google_maps_flutter/ios"
  image_picker:
    :path: ".symlinks/plugins/image_picker/ios"
  libphonenumber:
    :path: ".symlinks/plugins/libphonenumber/ios"
  location:
    :path: ".symlinks/plugins/location/ios"
  location_permissions:
    :path: ".symlinks/plugins/location_permissions/ios"
  path_provider:
    :path: ".symlinks/plugins/path_provider/ios"
  permission_handler:
    :path: ".symlinks/plugins/permission_handler/ios"
  shared_preferences:
    :path: ".symlinks/plugins/shared_preferences/ios"
  sms_otp_auto_verify:
    :path: ".symlinks/plugins/sms_otp_auto_verify/ios"

SPEC CHECKSUMS:
  connectivity: c4130b2985d4ef6fd26f9702e886bd5260681467
  device_info: d7d233b645a32c40dfdc212de5cf646ca482f175
  Flutter: 0e3d915762c693b495b44d77113d4970485de6ec
  geocoder: 3cfab70531a0b367e917bafe82df4c30f6d4c45a
  geolocator: f7622e0e7e2a24718285b73916d60c4a54b9f5b6
  google_maps_flutter: c7f9c73576de1fbe152a227bfd6e6c4ae8088619
  GoogleMaps: 4b5346bddfe6911bb89155d43c903020170523ac
  image_picker: 9c3312491f862b28d21ecd8fdf0ee14e601b3f09
  libphonenumber: bd14d5abfc5939ab0b0767234e2d8e2593af258e
  libPhoneNumber-iOS: 0a32a9525cf8744fe02c5206eb30d571e38f7d75
  location: 3a2eed4dd2fab25e7b7baf2a9efefe82b512d740
  location_permissions: 7e0f9aa0f60deb8ff93ddf0e2a164c7e8197bc94
  path_provider: abfe2b5c733d04e238b0d8691db0cfd63a27a93c
  permission_handler: 8278954f2382902f63f00dd8828769c0bd6d511b
  Reachability: 33e18b67625424e47b6cde6d202dce689ad7af96
  shared_preferences: af6bfa751691cdc24be3045c43ec037377ada40d
  sms_otp_auto_verify: 201803ac25e13feedaae96eda8b70b10c55b3338

PODFILE CHECKSUM: aafe91acc616949ddb318b77800a7f51bffa2a4c

COCOAPODS: 1.10.1
